
Microsoft Visual Studio Solution File, Format Version 12.00
# Visual Studio Version 17
VisualStudioVersion = 17.7.34009.444
MinimumVisualStudioVersion = 10.0.40219.1
Project("{8BC9CEB8-8B4A-11D0-8D11-00A0C91BC942}") = "factorial", "factorial\factorial.vcxproj", "{E361ECDF-110E-4686-9430-ABC650FAE1F0}"
EndProject
Global
	GlobalSection(SolutionConfigurationPlatforms) = preSolution
		Debug|x64 = Debug|x64
		Debug|x86 = Debug|x86
		Release|x64 = Release|x64
		Release|x86 = Release|x86
	EndGlobalSection
	GlobalSection(ProjectConfigurationPlatforms) = postSolution
		{E361ECDF-110E-4686-9430-ABC650FAE1F0}.Debug|x64.ActiveCfg = Debug|x64
		{E361ECDF-110E-4686-9430-ABC650FAE1F0}.Debug|x64.Build.0 = Debug|x64
		{E361ECDF-110E-4686-9430-ABC650FAE1F0}.Debug|x86.ActiveCfg = Debug|Win32
		{E361ECDF-110E-4686-9430-ABC650FAE1F0}.Debug|x86.Build.0 = Debug|Win32
		{E361ECDF-110E-4686-9430-ABC650FAE1F0}.Release|x64.ActiveCfg = Release|x64
		{E361ECDF-110E-4686-9430-ABC650FAE1F0}.Release|x64.Build.0 = Release|x64
		{E361ECDF-110E-4686-9430-ABC650FAE1F0}.Release|x86.ActiveCfg = Release|Win32
		{E361ECDF-110E-4686-9430-ABC650FAE1F0}.Release|x86.Build.0 = Release|Win32
	EndGlobalSection
	GlobalSection(SolutionProperties) = preSolution
		HideSolutionNode = FALSE
	EndGlobalSection
	GlobalSection(ExtensibilityGlobals) = postSolution
		SolutionGuid = {C6815A84-8356-4993-ABDF-CA65E95D6C6C}
	EndGlobalSection
EndGlobal
